// !$*UTF8*$!
{
	archiveVersion = 1;
	classes = {
	};
	objectVersion = 50;
	objects = {

/* Begin PBXBuildFile section */
		5045CD998D0F8EC41500C76E /* Pods_SwiftDeveloper.framework in Frameworks */ = {isa = PBXBuildFile; fileRef = 8C42FC031E9D8E528C431CE2 /* Pods_SwiftDeveloper.framework */; };
		8E0D3C62238B9F620074B763 /* AppDelegate.swift in Sources */ = {isa = PBXBuildFile; fileRef = 8E0D3C61238B9F620074B763 /* AppDelegate.swift */; };
		8E0D3C64238B9F620074B763 /* SceneDelegate.swift in Sources */ = {isa = PBXBuildFile; fileRef = 8E0D3C63238B9F620074B763 /* SceneDelegate.swift */; };
		8E0D3C66238B9F620074B763 /* ViewController.swift in Sources */ = {isa = PBXBuildFile; fileRef = 8E0D3C65238B9F620074B763 /* ViewController.swift */; };
		8E0D3C69238B9F620074B763 /* Main.storyboard in Resources */ = {isa = PBXBuildFile; fileRef = 8E0D3C67238B9F620074B763 /* Main.storyboard */; };
		8E0D3C6B238B9F630074B763 /* Assets.xcassets in Resources */ = {isa = PBXBuildFile; fileRef = 8E0D3C6A238B9F630074B763 /* Assets.xcassets */; };
		8E0D3C6E238B9F630074B763 /* LaunchScreen.storyboard in Resources */ = {isa = PBXBuildFile; fileRef = 8E0D3C6C238B9F630074B763 /* LaunchScreen.storyboard */; };
		8E0D3C80238B9F830074B763 /* BaseViewModel.swift in Sources */ = {isa = PBXBuildFile; fileRef = 8E0D3C77238B9F830074B763 /* BaseViewModel.swift */; };
		8E0D3C81238B9F830074B763 /* BaseViewDelegate.swift in Sources */ = {isa = PBXBuildFile; fileRef = 8E0D3C78238B9F830074B763 /* BaseViewDelegate.swift */; };
		8E0D3C82238B9F830074B763 /* Model.swift in Sources */ = {isa = PBXBuildFile; fileRef = 8E0D3C7A238B9F830074B763 /* Model.swift */; };
		8E0D3C83238B9F830074B763 /* BaseView.swift in Sources */ = {isa = PBXBuildFile; fileRef = 8E0D3C7C238B9F830074B763 /* BaseView.swift */; };
		8E0D3C84238B9F830074B763 /* BaseRequestAPI.swift in Sources */ = {isa = PBXBuildFile; fileRef = 8E0D3C7E238B9F830074B763 /* BaseRequestAPI.swift */; };
/* End PBXBuildFile section */

/* Begin PBXFileReference section */
		63D21F0E36E513FA0CE19CB3 /* Pods-SwiftDeveloper.debug.xcconfig */ = {isa = PBXFileReference; includeInIndex = 1; lastKnownFileType = text.xcconfig; name = "Pods-SwiftDeveloper.debug.xcconfig"; path = "Target Support Files/Pods-SwiftDeveloper/Pods-SwiftDeveloper.debug.xcconfig"; sourceTree = "<group>"; };
		8C42FC031E9D8E528C431CE2 /* Pods_SwiftDeveloper.framework */ = {isa = PBXFileReference; explicitFileType = wrapper.framework; includeInIndex = 0; path = Pods_SwiftDeveloper.framework; sourceTree = BUILT_PRODUCTS_DIR; };
		8E0D3C5E238B9F620074B763 /* SwiftDeveloper.app */ = {isa = PBXFileReference; explicitFileType = wrapper.application; includeInIndex = 0; path = SwiftDeveloper.app; sourceTree = BUILT_PRODUCTS_DIR; };
		8E0D3C61238B9F620074B763 /* AppDelegate.swift */ = {isa = PBXFileReference; lastKnownFileType = sourcecode.swift; path = AppDelegate.swift; sourceTree = "<group>"; };
		8E0D3C63238B9F620074B763 /* SceneDelegate.swift */ = {isa = PBXFileReference; lastKnownFileType = sourcecode.swift; path = SceneDelegate.swift; sourceTree = "<group>"; };
		8E0D3C65238B9F620074B763 /* ViewController.swift */ = {isa = PBXFileReference; lastKnownFileType = sourcecode.swift; path = ViewController.swift; sourceTree = "<group>"; };
		8E0D3C68238B9F620074B763 /* Base */ = {isa = PBXFileReference; lastKnownFileType = file.storyboard; name = Base; path = Base.lproj/Main.storyboard; sourceTree = "<group>"; };
		8E0D3C6A238B9F630074B763 /* Assets.xcassets */ = {isa = PBXFileReference; lastKnownFileType = folder.assetcatalog; path = Assets.xcassets; sourceTree = "<group>"; };
		8E0D3C6D238B9F630074B763 /* Base */ = {isa = PBXFileReference; lastKnownFileType = file.storyboard; name = Base; path = Base.lproj/LaunchScreen.storyboard; sourceTree = "<group>"; };
		8E0D3C6F238B9F630074B763 /* Info.plist */ = {isa = PBXFileReference; lastKnownFileType = text.plist.xml; path = Info.plist; sourceTree = "<group>"; };
		8E0D3C77238B9F830074B763 /* BaseViewModel.swift */ = {isa = PBXFileReference; fileEncoding = 4; lastKnownFileType = sourcecode.swift; path = BaseViewModel.swift; sourceTree = "<group>"; };
		8E0D3C78238B9F830074B763 /* BaseViewDelegate.swift */ = {isa = PBXFileReference; fileEncoding = 4; lastKnownFileType = sourcecode.swift; path = BaseViewDelegate.swift; sourceTree = "<group>"; };
		8E0D3C7A238B9F830074B763 /* Model.swift */ = {isa = PBXFileReference; fileEncoding = 4; lastKnownFileType = sourcecode.swift; path = Model.swift; sourceTree = "<group>"; };
		8E0D3C7C238B9F830074B763 /* BaseView.swift */ = {isa = PBXFileReference; fileEncoding = 4; lastKnownFileType = sourcecode.swift; path = BaseView.swift; sourceTree = "<group>"; };
		8E0D3C7E238B9F830074B763 /* BaseRequestAPI.swift */ = {isa = PBXFileReference; fileEncoding = 4; lastKnownFileType = sourcecode.swift; path = BaseRequestAPI.swift; sourceTree = "<group>"; };
		E79A162F11E3207E816A2FBA /* Pods-SwiftDeveloper.release.xcconfig */ = {isa = PBXFileReference; includeInIndex = 1; lastKnownFileType = text.xcconfig; name = "Pods-SwiftDeveloper.release.xcconfig"; path = "Target Support Files/Pods-SwiftDeveloper/Pods-SwiftDeveloper.release.xcconfig"; sourceTree = "<group>"; };
/* End PBXFileReference section */

/* Begin PBXFrameworksBuildPhase section */
		8E0D3C5B238B9F620074B763 /* Frameworks */ = {
			isa = PBXFrameworksBuildPhase;
			buildActionMask = 2147483647;
			files = (
				5045CD998D0F8EC41500C76E /* Pods_SwiftDeveloper.framework in Frameworks */,
			);
			runOnlyForDeploymentPostprocessing = 0;
		};
/* End PBXFrameworksBuildPhase section */

/* Begin PBXGroup section */
		12CEECB30A75A91620EA8D69 /* Pods */ = {
			isa = PBXGroup;
			children = (
				63D21F0E36E513FA0CE19CB3 /* Pods-SwiftDeveloper.debug.xcconfig */,
				E79A162F11E3207E816A2FBA /* Pods-SwiftDeveloper.release.xcconfig */,
			);
			name = Pods;
			path = Pods;
			sourceTree = "<group>";
		};
		8E0D3C55238B9F620074B763 = {
			isa = PBXGroup;
			children = (
				8E0D3C60238B9F620074B763 /* SwiftDeveloper */,
				8E0D3C5F238B9F620074B763 /* Products */,
				12CEECB30A75A91620EA8D69 /* Pods */,
				E9A25890931A0AC18F3A21B6 /* Frameworks */,
			);
			sourceTree = "<group>";
		};
		8E0D3C5F238B9F620074B763 /* Products */ = {
			isa = PBXGroup;
			children = (
				8E0D3C5E238B9F620074B763 /* SwiftDeveloper.app */,
			);
			name = Products;
			sourceTree = "<group>";
		};
		8E0D3C60238B9F620074B763 /* SwiftDeveloper */ = {
			isa = PBXGroup;
			children = (
				8E0D3C61238B9F620074B763 /* AppDelegate.swift */,
				8E0D3C63238B9F620074B763 /* SceneDelegate.swift */,
				8E0D3C65238B9F620074B763 /* ViewController.swift */,
				8E0D3C75238B9F830074B763 /* MVVM */,
				8E0D3C67238B9F620074B763 /* Main.storyboard */,
				8E0D3C6A238B9F630074B763 /* Assets.xcassets */,
				8E0D3C6C238B9F630074B763 /* LaunchScreen.storyboard */,
				8E0D3C6F238B9F630074B763 /* Info.plist */,
			);
			path = SwiftDeveloper;
			sourceTree = "<group>";
		};
		8E0D3C75238B9F830074B763 /* MVVM */ = {
			isa = PBXGroup;
			children = (
				8E0D3C76238B9F830074B763 /* ViewModel */,
				8E0D3C79238B9F830074B763 /* Model */,
				8E0D3C7B238B9F830074B763 /* View */,
				8E0D3C7D238B9F830074B763 /* API */,
				8E0D3C7F238B9F830074B763 /* ViewController */,
			);
			path = MVVM;
			sourceTree = "<group>";
		};
		8E0D3C76238B9F830074B763 /* ViewModel */ = {
			isa = PBXGroup;
			children = (
				8E0D3C77238B9F830074B763 /* BaseViewModel.swift */,
				8E0D3C78238B9F830074B763 /* BaseViewDelegate.swift */,
			);
			path = ViewModel;
			sourceTree = "<group>";
		};
		8E0D3C79238B9F830074B763 /* Model */ = {
			isa = PBXGroup;
			children = (
				8E0D3C7A238B9F830074B763 /* Model.swift */,
			);
			path = Model;
			sourceTree = "<group>";
		};
		8E0D3C7B238B9F830074B763 /* View */ = {
			isa = PBXGroup;
			children = (
				8E0D3C7C238B9F830074B763 /* BaseView.swift */,
			);
			path = View;
			sourceTree = "<group>";
		};
		8E0D3C7D238B9F830074B763 /* API */ = {
			isa = PBXGroup;
			children = (
				8E0D3C7E238B9F830074B763 /* BaseRequestAPI.swift */,
			);
			path = API;
			sourceTree = "<group>";
		};
		8E0D3C7F238B9F830074B763 /* ViewController */ = {
			isa = PBXGroup;
			children = (
			);
			path = ViewController;
			sourceTree = "<group>";
		};
		E9A25890931A0AC18F3A21B6 /* Frameworks */ = {
			isa = PBXGroup;
			children = (
				8C42FC031E9D8E528C431CE2 /* Pods_SwiftDeveloper.framework */,
			);
			name = Frameworks;
			sourceTree = "<group>";
		};
/* End PBXGroup section */

/* Begin PBXNativeTarget section */
		8E0D3C5D238B9F620074B763 /* SwiftDeveloper */ = {
			isa = PBXNativeTarget;
			buildConfigurationList = 8E0D3C72238B9F630074B763 /* Build configuration list for PBXNativeTarget "SwiftDeveloper" */;
			buildPhases = (
				7E3F06B83C1CE9F3EAF975FF /* [CP] Check Pods Manifest.lock */,
				8E0D3C5A238B9F620074B763 /* Sources */,
				8E0D3C5B238B9F620074B763 /* Frameworks */,
				8E0D3C5C238B9F620074B763 /* Resources */,
				7EADFCD819F0096C2EB05E52 /* [CP] Embed Pods Frameworks */,
			);
			buildRules = (
			);
			dependencies = (
			);
			name = SwiftDeveloper;
			productName = SwiftDeveloper;
			productReference = 8E0D3C5E238B9F620074B763 /* SwiftDeveloper.app */;
			productType = "com.apple.product-type.application";
		};
/* End PBXNativeTarget section */

/* Begin PBXProject section */
		8E0D3C56238B9F620074B763 /* Project object */ = {
			isa = PBXProject;
			attributes = {
				LastSwiftUpdateCheck = 1100;
				LastUpgradeCheck = 1100;
				ORGANIZATIONNAME = usermac;
				TargetAttributes = {
					8E0D3C5D238B9F620074B763 = {
						CreatedOnToolsVersion = 11.0;
					};
				};
			};
			buildConfigurationList = 8E0D3C59238B9F620074B763 /* Build configuration list for PBXProject "SwiftDeveloper" */;
			compatibilityVersion = "Xcode 9.3";
			developmentRegion = en;
			hasScannedForEncodings = 0;
			knownRegions = (
				en,
				Base,
			);
			mainGroup = 8E0D3C55238B9F620074B763;
			productRefGroup = 8E0D3C5F238B9F620074B763 /* Products */;
			projectDirPath = "";
			projectRoot = "";
			targets = (
				8E0D3C5D238B9F620074B763 /* SwiftDeveloper */,
			);
		};
/* End PBXProject section */

/* Begin PBXResourcesBuildPhase section */
		8E0D3C5C238B9F620074B763 /* Resources */ = {
			isa = PBXResourcesBuildPhase;
			buildActionMask = 2147483647;
			files = (
				8E0D3C6E238B9F630074B763 /* LaunchScreen.storyboard in Resources */,
				8E0D3C6B238B9F630074B763 /* Assets.xcassets in Resources */,
				8E0D3C69238B9F620074B763 /* Main.storyboard in Resources */,
			);
			runOnlyForDeploymentPostprocessing = 0;
		};
/* End PBXResourcesBuildPhase section */

/* Begin PBXShellScriptBuildPhase section */
		7E3F06B83C1CE9F3EAF975FF /* [CP] Check Pods Manifest.lock */ = {
			isa = PBXShellScriptBuildPhase;
			buildActionMask = 2147483647;
			files = (
			);
			inputFileListPaths = (
			);
			inputPaths = (
				"${PODS_PODFILE_DIR_PATH}/Podfile.lock",
				"${PODS_ROOT}/Manifest.lock",
			);
			name = "[CP] Check Pods Manifest.lock";
			outputFileListPaths = (
			);
			outputPaths = (
				"$(DERIVED_FILE_DIR)/Pods-SwiftDeveloper-checkManifestLockResult.txt",
			);
			runOnlyForDeploymentPostprocessing = 0;
			shellPath = /bin/sh;
			shellScript = "diff \"${PODS_PODFILE_DIR_PATH}/Podfile.lock\" \"${PODS_ROOT}/Manifest.lock\" > /dev/null\nif [ $? != 0 ] ; then\n    # print error to STDERR\n    echo \"error: The sandbox is not in sync with the Podfile.lock. Run 'pod install' or update your CocoaPods installation.\" >&2\n    exit 1\nfi\n# This output is used by Xcode 'outputs' to avoid re-running this script phase.\necho \"SUCCESS\" > \"${SCRIPT_OUTPUT_FILE_0}\"\n";
			showEnvVarsInLog = 0;
		};
		7EADFCD819F0096C2EB05E52 /* [CP] Embed Pods Frameworks */ = {
			isa = PBXShellScriptBuildPhase;
			buildActionMask = 2147483647;
			files = (
			);
			inputFileListPaths = (
				"${PODS_ROOT}/Target Support Files/Pods-SwiftDeveloper/Pods-SwiftDeveloper-frameworks-${CONFIGURATION}-input-files.xcfilelist",
			);
			name = "[CP] Embed Pods Frameworks";
			outputFileListPaths = (
				"${PODS_ROOT}/Target Support Files/Pods-SwiftDeveloper/Pods-SwiftDeveloper-frameworks-${CONFIGURATION}-output-files.xcfilelist",
			);
			runOnlyForDeploymentPostprocessing = 0;
			shellPath = /bin/sh;
			shellScript = "\"${PODS_ROOT}/Target Support Files/Pods-SwiftDeveloper/Pods-SwiftDeveloper-frameworks.sh\"\n";
			showEnvVarsInLog = 0;
		};
/* End PBXShellScriptBuildPhase section */

/* Begin PBXSourcesBuildPhase section */
		8E0D3C5A238B9F620074B763 /* Sources */ = {
			isa = PBXSourcesBuildPhase;
			buildActionMask = 2147483647;
			files = (
				8E0D3C66238B9F620074B763 /* ViewController.swift in Sources */,
				8E0D3C81238B9F830074B763 /* BaseViewDelegate.swift in Sources */,
				8E0D3C80238B9F830074B763 /* BaseViewModel.swift in Sources */,
				8E0D3C82238B9F830074B763 /* Model.swift in Sources */,
				8E0D3C83238B9F830074B763 /* BaseView.swift in Sources */,
				8E0D3C84238B9F830074B763 /* BaseRequestAPI.swift in Sources */,
				8E0D3C62238B9F620074B763 /* AppDelegate.swift in Sources */,
				8E0D3C64238B9F620074B763 /* SceneDelegate.swift in Sources */,
			);
			runOnlyForDeploymentPostprocessing = 0;
		};
/* End PBXSourcesBuildPhase section */

/* Begin PBXVariantGroup section */
		8E0D3C67238B9F620074B763 /* Main.storyboard */ = {
			isa = PBXVariantGroup;
			children = (
				8E0D3C68238B9F620074B763 /* Base */,
			);
			name = Main.storyboard;
			sourceTree = "<group>";
		};
		8E0D3C6C238B9F630074B763 /* LaunchScreen.storyboard */ = {
			isa = PBXVariantGroup;
			children = (
				8E0D3C6D238B9F630074B763 /* Base */,
			);
			name = LaunchScreen.storyboard;
			sourceTree = "<group>";
		};
/* End PBXVariantGroup section */

/* Begin XCBuildConfiguration section */
		8E0D3C70238B9F630074B763 /* Debug */ = {
			isa = XCBuildConfiguration;
			buildSettings = {
				ALWAYS_SEARCH_USER_PATHS = NO;
				CLANG_ANALYZER_NONNULL = YES;
				CLANG_ANALYZER_NUMBER_OBJECT_CONVERSION = YES_AGGRESSIVE;
				CLANG_CXX_LANGUAGE_STANDARD = "gnu++14";
				CLANG_CXX_LIBRARY = "libc++";
				CLANG_ENABLE_MODULES = YES;
				CLANG_ENABLE_OBJC_ARC = YES;
				CLANG_ENABLE_OBJC_WEAK = YES;
				CLANG_WARN_BLOCK_CAPTURE_AUTORELEASING = YES;
				CLANG_WARN_BOOL_CONVERSION = YES;
				CLANG_WARN_COMMA = YES;
				CLANG_WARN_CONSTANT_CONVERSION = YES;
				CLANG_WARN_DEPRECATED_OBJC_IMPLEMENTATIONS = YES;
				CLANG_WARN_DIRECT_OBJC_ISA_USAGE = YES_ERROR;
				CLANG_WARN_DOCUMENTATION_COMMENTS = YES;
				CLANG_WARN_EMPTY_BODY = YES;
				CLANG_WARN_ENUM_CONVERSION = YES;
				CLANG_WARN_INFINITE_RECURSION = YES;
				CLANG_WARN_INT_CONVERSION = YES;
				CLANG_WARN_NON_LITERAL_NULL_CONVERSION = YES;
				CLANG_WARN_OBJC_IMPLICIT_RETAIN_SELF = YES;
				CLANG_WARN_OBJC_LITERAL_CONVERSION = YES;
				CLANG_WARN_OBJC_ROOT_CLASS = YES_ERROR;
				CLANG_WARN_RANGE_LOOP_ANALYSIS = YES;
				CLANG_WARN_STRICT_PROTOTYPES = YES;
				CLANG_WARN_SUSPICIOUS_MOVE = YES;
				CLANG_WARN_UNGUARDED_AVAILABILITY = YES_AGGRESSIVE;
				CLANG_WARN_UNREACHABLE_CODE = YES;
				CLANG_WARN__DUPLICATE_METHOD_MATCH = YES;
				COPY_PHASE_STRIP = NO;
				DEBUG_INFORMATION_FORMAT = dwarf;
				ENABLE_STRICT_OBJC_MSGSEND = YES;
				ENABLE_TESTABILITY = YES;
				GCC_C_LANGUAGE_STANDARD = gnu11;
				GCC_DYNAMIC_NO_PIC = NO;
				GCC_NO_COMMON_BLOCKS = YES;
				GCC_OPTIMIZATION_LEVEL = 0;
				GCC_PREPROCESSOR_DEFINITIONS = (
					"DEBUG=1",
					"$(inherited)",
				);
				GCC_WARN_64_TO_32_BIT_CONVERSION = YES;
				GCC_WARN_ABOUT_RETURN_TYPE = YES_ERROR;
				GCC_WARN_UNDECLARED_SELECTOR = YES;
				GCC_WARN_UNINITIALIZED_AUTOS = YES_AGGRESSIVE;
				GCC_WARN_UNUSED_FUNCTION = YES;
				GCC_WARN_UNUSED_VARIABLE = YES;
				IPHONEOS_DEPLOYMENT_TARGET = 13.0;
				MTL_ENABLE_DEBUG_INFO = INCLUDE_SOURCE;
				MTL_FAST_MATH = YES;
				ONLY_ACTIVE_ARCH = YES;
				SDKROOT = iphoneos;
				SWIFT_ACTIVE_COMPILATION_CONDITIONS = DEBUG;
				SWIFT_OPTIMIZATION_LEVEL = "-Onone";
			};
			name = Debug;
		};
		8E0D3C71238B9F630074B763 /* Release */ = {
			isa = XCBuildConfiguration;
			buildSettings = {
				ALWAYS_SEARCH_USER_PATHS = NO;
				CLANG_ANALYZER_NONNULL = YES;
				CLANG_ANALYZER_NUMBER_OBJECT_CONVERSION = YES_AGGRESSIVE;
				CLANG_CXX_LANGUAGE_STANDARD = "gnu++14";
				CLANG_CXX_LIBRARY = "libc++";
				CLANG_ENABLE_MODULES = YES;
				CLANG_ENABLE_OBJC_ARC = YES;
				CLANG_ENABLE_OBJC_WEAK = YES;
				CLANG_WARN_BLOCK_CAPTURE_AUTORELEASING = YES;
				CLANG_WARN_BOOL_CONVERSION = YES;
				CLANG_WARN_COMMA = YES;
				CLANG_WARN_CONSTANT_CONVERSION = YES;
				CLANG_WARN_DEPRECATED_OBJC_IMPLEMENTATIONS = YES;
				CLANG_WARN_DIRECT_OBJC_ISA_USAGE = YES_ERROR;
				CLANG_WARN_DOCUMENTATION_COMMENTS = YES;
				CLANG_WARN_EMPTY_BODY = YES;
				CLANG_WARN_ENUM_CONVERSION = YES;
				CLANG_WARN_INFINITE_RECURSION = YES;
				CLANG_WARN_INT_CONVERSION = YES;
				CLANG_WARN_NON_LITERAL_NULL_CONVERSION = YES;
				CLANG_WARN_OBJC_IMPLICIT_RETAIN_SELF = YES;
				CLANG_WARN_OBJC_LITERAL_CONVERSION = YES;
				CLANG_WARN_OBJC_ROOT_CLASS = YES_ERROR;
				CLANG_WARN_RANGE_LOOP_ANALYSIS = YES;
				CLANG_WARN_STRICT_PROTOTYPES = YES;
				CLANG_WARN_SUSPICIOUS_MOVE = YES;
				CLANG_WARN_UNGUARDED_AVAILABILITY = YES_AGGRESSIVE;
				CLANG_WARN_UNREACHABLE_CODE = YES;
				CLANG_WARN__DUPLICATE_METHOD_MATCH = YES;
				COPY_PHASE_STRIP = NO;
				DEBUG_INFORMATION_FORMAT = "dwarf-with-dsym";
				ENABLE_NS_ASSERTIONS = NO;
				ENABLE_STRICT_OBJC_MSGSEND = YES;
				GCC_C_LANGUAGE_STANDARD = gnu11;
				GCC_NO_COMMON_BLOCKS = YES;
				GCC_WARN_64_TO_32_BIT_CONVERSION = YES;
				GCC_WARN_ABOUT_RETURN_TYPE = YES_ERROR;
				GCC_WARN_UNDECLARED_SELECTOR = YES;
				GCC_WARN_UNINITIALIZED_AUTOS = YES_AGGRESSIVE;
				GCC_WARN_UNUSED_FUNCTION = YES;
				GCC_WARN_UNUSED_VARIABLE = YES;
				IPHONEOS_DEPLOYMENT_TARGET = 13.0;
				MTL_ENABLE_DEBUG_INFO = NO;
				MTL_FAST_MATH = YES;
				SDKROOT = iphoneos;
				SWIFT_COMPILATION_MODE = wholemodule;
				SWIFT_OPTIMIZATION_LEVEL = "-O";
				VALIDATE_PRODUCT = YES;
			};
			name = Release;
		};
		8E0D3C73238B9F630074B763 /* Debug */ = {
			isa = XCBuildConfiguration;
			baseConfigurationReference = 63D21F0E36E513FA0CE19CB3 /* Pods-SwiftDeveloper.debug.xcconfig */;
			buildSettings = {
				ASSETCATALOG_COMPILER_APPICON_NAME = AppIcon;
				CODE_SIGN_STYLE = Automatic;
				DEVELOPMENT_TEAM = YUJKBG75Z4;
				INFOPLIST_FILE = SwiftDeveloper/Info.plist;
				LD_RUNPATH_SEARCH_PATHS = (
					"$(inherited)",
					"@executable_path/Frameworks",
				);
				PRODUCT_BUNDLE_IDENTIFIER = haha.SwiftDeveloper;
				PRODUCT_NAME = "$(TARGET_NAME)";
				SWIFT_VERSION = 5.0;
				TARGETED_DEVICE_FAMILY = "1,2";
			};
			name = Debug;
		};
		8E0D3C74238B9F630074B763 /* Release */ = {
			isa = XCBuildConfiguration;
			baseConfigurationReference = E79A162F11E3207E816A2FBA /* Pods-SwiftDeveloper.release.xcconfig */;
			buildSettings = {
				ASSETCATALOG_COMPILER_APPICON_NAME = AppIcon;
				CODE_SIGN_STYLE = Automatic;
				DEVELOPMENT_TEAM = YUJKBG75Z4;
				INFOPLIST_FILE = SwiftDeveloper/Info.plist;
				LD_RUNPATH_SEARCH_PATHS = (
					"$(inherited)",
					"@executable_path/Frameworks",
				);
				PRODUCT_BUNDLE_IDENTIFIER = haha.SwiftDeveloper;
				PRODUCT_NAME = "$(TARGET_NAME)";
				SWIFT_VERSION = 5.0;
				TARGETED_DEVICE_FAMILY = "1,2";
			};
			name = Release;
		};
/* End XCBuildConfiguration section */

/* Begin XCConfigurationList section */
		8E0D3C59238B9F620074B763 /* Build configuration list for PBXProject "SwiftDeveloper" */ = {
			isa = XCConfigurationList;
			buildConfigurations = (
				8E0D3C70238B9F630074B763 /* Debug */,
				8E0D3C71238B9F630074B763 /* Release */,
			);
			defaultConfigurationIsVisible = 0;
			defaultConfigurationName = Release;
		};
		8E0D3C72238B9F630074B763 /* Build configuration list for PBXNativeTarget "SwiftDeveloper" */ = {
			isa = XCConfigurationList;
			buildConfigurations = (
				8E0D3C73238B9F630074B763 /* Debug */,
				8E0D3C74238B9F630074B763 /* Release */,
			);
			defaultConfigurationIsVisible = 0;
			defaultConfigurationName = Release;
		};
/* End XCConfigurationList section */
	};
	rootObject = 8E0D3C56238B9F620074B763 /* Project object */;
}
